// !$*UTF8*$!
{
	archiveVersion = 1;
	classes = {
	};
	objectVersion = 46;
	objects = {

/* Begin PBXBuildFile section */
		5B42034B142CC42E00FB46AB /* Cocoa.framework in Frameworks */ = {isa = PBXBuildFile; fileRef = 5B42034A142CC42E00FB46AB /* Cocoa.framework */; };
		5B420355142CC42E00FB46AB /* InfoPlist.strings in Resources */ = {isa = PBXBuildFile; fileRef = 5B420353142CC42E00FB46AB /* InfoPlist.strings */; };
		5B420357142CC42E00FB46AB /* main.m in Sources */ = {isa = PBXBuildFile; fileRef = 5B420356142CC42E00FB46AB /* main.m */; };
		5B42035B142CC42E00FB46AB /* Credits.rtf in Resources */ = {isa = PBXBuildFile; fileRef = 5B420359142CC42E00FB46AB /* Credits.rtf */; };
		5B42035E142CC42E00FB46AB /* BuckleUpAppDelegate.m in Sources */ = {isa = PBXBuildFile; fileRef = 5B42035D142CC42E00FB46AB /* BuckleUpAppDelegate.m */; };
		5B420361142CC42E00FB46AB /* MainMenu.xib in Resources */ = {isa = PBXBuildFile; fileRef = 5B42035F142CC42E00FB46AB /* MainMenu.xib */; };
		5B420373142CCDD100FB46AB /* LICENSE in Resources */ = {isa = PBXBuildFile; fileRef = 5B420371142CCDD100FB46AB /* LICENSE */; };
		5B420376142CCE0B00FB46AB /* README.markdown in Resources */ = {isa = PBXBuildFile; fileRef = 5B420375142CCE0B00FB46AB /* README.markdown */; };
		5BA29316142D10D4000DE520 /* BUBaseAction.m in Sources */ = {isa = PBXBuildFile; fileRef = 5BA29315142D10D4000DE520 /* BUBaseAction.m */; };
		5BA29319142D121D000DE520 /* BUAllowAction.m in Sources */ = {isa = PBXBuildFile; fileRef = 5BA29318142D121D000DE520 /* BUAllowAction.m */; };
		5BA2931C142D1242000DE520 /* BUDenyAction.m in Sources */ = {isa = PBXBuildFile; fileRef = 5BA2931B142D1242000DE520 /* BUDenyAction.m */; };
		5BA29325142D16A6000DE520 /* BUVersion.m in Sources */ = {isa = PBXBuildFile; fileRef = 5BA29324142D16A6000DE520 /* BUVersion.m */; };
		5BA29329142D1915000DE520 /* BUDefaultOperation.m in Sources */ = {isa = PBXBuildFile; fileRef = 5BA29328142D1915000DE520 /* BUDefaultOperation.m */; };
		5BA2932C142D19C0000DE520 /* BUSandboxConfig.m in Sources */ = {isa = PBXBuildFile; fileRef = 5BA2932B142D19C0000DE520 /* BUSandboxConfig.m */; };
		5BA29336142D237B000DE520 /* BUBaseOperation.m in Sources */ = {isa = PBXBuildFile; fileRef = 5BA29335142D237B000DE520 /* BUBaseOperation.m */; };
/* End PBXBuildFile section */

/* Begin PBXFileReference section */
		5B420346142CC42E00FB46AB /* BuckleUp.app */ = {isa = PBXFileReference; explicitFileType = wrapper.application; includeInIndex = 0; path = BuckleUp.app; sourceTree = BUILT_PRODUCTS_DIR; };
		5B42034A142CC42E00FB46AB /* Cocoa.framework */ = {isa = PBXFileReference; lastKnownFileType = wrapper.framework; name = Cocoa.framework; path = System/Library/Frameworks/Cocoa.framework; sourceTree = SDKROOT; };
		5B42034D142CC42E00FB46AB /* AppKit.framework */ = {isa = PBXFileReference; lastKnownFileType = wrapper.framework; name = AppKit.framework; path = System/Library/Frameworks/AppKit.framework; sourceTree = SDKROOT; };
		5B42034E142CC42E00FB46AB /* CoreData.framework */ = {isa = PBXFileReference; lastKnownFileType = wrapper.framework; name = CoreData.framework; path = System/Library/Frameworks/CoreData.framework; sourceTree = SDKROOT; };
		5B42034F142CC42E00FB46AB /* Foundation.framework */ = {isa = PBXFileReference; lastKnownFileType = wrapper.framework; name = Foundation.framework; path = System/Library/Frameworks/Foundation.framework; sourceTree = SDKROOT; };
		5B420352142CC42E00FB46AB /* BuckleUp-Info.plist */ = {isa = PBXFileReference; lastKnownFileType = text.plist.xml; path = "BuckleUp-Info.plist"; sourceTree = "<group>"; };
		5B420354142CC42E00FB46AB /* en */ = {isa = PBXFileReference; lastKnownFileType = text.plist.strings; name = en; path = en.lproj/InfoPlist.strings; sourceTree = "<group>"; };
		5B420356142CC42E00FB46AB /* main.m */ = {isa = PBXFileReference; lastKnownFileType = sourcecode.c.objc; path = main.m; sourceTree = "<group>"; };
		5B420358142CC42E00FB46AB /* BuckleUp-Prefix.pch */ = {isa = PBXFileReference; lastKnownFileType = sourcecode.c.h; path = "BuckleUp-Prefix.pch"; sourceTree = "<group>"; };
		5B42035A142CC42E00FB46AB /* en */ = {isa = PBXFileReference; lastKnownFileType = text.rtf; name = en; path = en.lproj/Credits.rtf; sourceTree = "<group>"; };
		5B42035C142CC42E00FB46AB /* BuckleUpAppDelegate.h */ = {isa = PBXFileReference; lastKnownFileType = sourcecode.c.h; path = BuckleUpAppDelegate.h; sourceTree = "<group>"; };
		5B42035D142CC42E00FB46AB /* BuckleUpAppDelegate.m */ = {isa = PBXFileReference; lastKnownFileType = sourcecode.c.objc; path = BuckleUpAppDelegate.m; sourceTree = "<group>"; };
		5B420360142CC42E00FB46AB /* en */ = {isa = PBXFileReference; lastKnownFileType = file.xib; name = en; path = en.lproj/MainMenu.xib; sourceTree = "<group>"; };
		5B420371142CCDD100FB46AB /* LICENSE */ = {isa = PBXFileReference; fileEncoding = 4; lastKnownFileType = text; path = LICENSE; sourceTree = "<group>"; };
		5B420375142CCE0B00FB46AB /* README.markdown */ = {isa = PBXFileReference; fileEncoding = 4; lastKnownFileType = text; path = README.markdown; sourceTree = "<group>"; };
		5BA29311142D106F000DE520 /* BUConfigItem.h */ = {isa = PBXFileReference; fileEncoding = 4; lastKnownFileType = sourcecode.c.h; name = BUConfigItem.h; path = Protocols/BUConfigItem.h; sourceTree = "<group>"; };
		5BA29314142D10D4000DE520 /* BUBaseAction.h */ = {isa = PBXFileReference; fileEncoding = 4; lastKnownFileType = sourcecode.c.h; name = BUBaseAction.h; path = ConfigItems/BUBaseAction.h; sourceTree = "<group>"; };
		5BA29315142D10D4000DE520 /* BUBaseAction.m */ = {isa = PBXFileReference; fileEncoding = 4; lastKnownFileType = sourcecode.c.objc; name = BUBaseAction.m; path = ConfigItems/BUBaseAction.m; sourceTree = "<group>"; };
		5BA29317142D121D000DE520 /* BUAllowAction.h */ = {isa = PBXFileReference; fileEncoding = 4; lastKnownFileType = sourcecode.c.h; name = BUAllowAction.h; path = ConfigItems/BUAllowAction.h; sourceTree = "<group>"; };
		5BA29318142D121D000DE520 /* BUAllowAction.m */ = {isa = PBXFileReference; fileEncoding = 4; lastKnownFileType = sourcecode.c.objc; name = BUAllowAction.m; path = ConfigItems/BUAllowAction.m; sourceTree = "<group>"; };
		5BA2931A142D1242000DE520 /* BUDenyAction.h */ = {isa = PBXFileReference; fileEncoding = 4; lastKnownFileType = sourcecode.c.h; name = BUDenyAction.h; path = ConfigItems/BUDenyAction.h; sourceTree = "<group>"; };
		5BA2931B142D1242000DE520 /* BUDenyAction.m */ = {isa = PBXFileReference; fileEncoding = 4; lastKnownFileType = sourcecode.c.objc; name = BUDenyAction.m; path = ConfigItems/BUDenyAction.m; sourceTree = "<group>"; };
		5BA29323142D16A6000DE520 /* BUVersion.h */ = {isa = PBXFileReference; fileEncoding = 4; lastKnownFileType = sourcecode.c.h; name = BUVersion.h; path = ConfigItems/BUVersion.h; sourceTree = "<group>"; };
		5BA29324142D16A6000DE520 /* BUVersion.m */ = {isa = PBXFileReference; fileEncoding = 4; lastKnownFileType = sourcecode.c.objc; name = BUVersion.m; path = ConfigItems/BUVersion.m; sourceTree = "<group>"; };
		5BA29327142D1915000DE520 /* BUDefaultOperation.h */ = {isa = PBXFileReference; fileEncoding = 4; lastKnownFileType = sourcecode.c.h; name = BUDefaultOperation.h; path = ConfigItems/BUDefaultOperation.h; sourceTree = "<group>"; };
		5BA29328142D1915000DE520 /* BUDefaultOperation.m */ = {isa = PBXFileReference; fileEncoding = 4; lastKnownFileType = sourcecode.c.objc; name = BUDefaultOperation.m; path = ConfigItems/BUDefaultOperation.m; sourceTree = "<group>"; };
		5BA2932A142D19BF000DE520 /* BUSandboxConfig.h */ = {isa = PBXFileReference; fileEncoding = 4; lastKnownFileType = sourcecode.c.h; path = BUSandboxConfig.h; sourceTree = "<group>"; };
		5BA2932B142D19C0000DE520 /* BUSandboxConfig.m */ = {isa = PBXFileReference; fileEncoding = 4; lastKnownFileType = sourcecode.c.objc; path = BUSandboxConfig.m; sourceTree = "<group>"; };
		5BA29330142D220E000DE520 /* BUOperations.h */ = {isa = PBXFileReference; fileEncoding = 4; lastKnownFileType = sourcecode.c.h; name = BUOperations.h; path = ConfigItems/BUOperations.h; sourceTree = "<group>"; };
		5BA29331142D2225000DE520 /* BUActions.h */ = {isa = PBXFileReference; fileEncoding = 4; lastKnownFileType = sourcecode.c.h; name = BUActions.h; path = ConfigItems/BUActions.h; sourceTree = "<group>"; };
		5BA29332142D2238000DE520 /* BUConfigItems.h */ = {isa = PBXFileReference; fileEncoding = 4; lastKnownFileType = sourcecode.c.h; name = BUConfigItems.h; path = ConfigItems/BUConfigItems.h; sourceTree = "<group>"; };
		5BA29333142D2258000DE520 /* BUVersions.h */ = {isa = PBXFileReference; fileEncoding = 4; lastKnownFileType = sourcecode.c.h; name = BUVersions.h; path = ConfigItems/BUVersions.h; sourceTree = "<group>"; };
		5BA29334142D237B000DE520 /* BUBaseOperation.h */ = {isa = PBXFileReference; fileEncoding = 4; lastKnownFileType = sourcecode.c.h; name = BUBaseOperation.h; path = ConfigItems/BUBaseOperation.h; sourceTree = "<group>"; };
		5BA29335142D237B000DE520 /* BUBaseOperation.m */ = {isa = PBXFileReference; fileEncoding = 4; lastKnownFileType = sourcecode.c.objc; name = BUBaseOperation.m; path = ConfigItems/BUBaseOperation.m; sourceTree = "<group>"; };
/* End PBXFileReference section */

/* Begin PBXFrameworksBuildPhase section */
		5B420343142CC42E00FB46AB /* Frameworks */ = {
			isa = PBXFrameworksBuildPhase;
			buildActionMask = 2147483647;
			files = (
				5B42034B142CC42E00FB46AB /* Cocoa.framework in Frameworks */,
			);
			runOnlyForDeploymentPostprocessing = 0;
		};
/* End PBXFrameworksBuildPhase section */

/* Begin PBXGroup section */
		5B42033B142CC42E00FB46AB = {
			isa = PBXGroup;
			children = (
				5B420350142CC42E00FB46AB /* BuckleUp */,
				5B420349142CC42E00FB46AB /* Frameworks */,
				5B420347142CC42E00FB46AB /* Products */,
				5B420370142CCDA200FB46AB /* Miscellaneous Files */,
			);
			sourceTree = "<group>";
		};
		5B420347142CC42E00FB46AB /* Products */ = {
			isa = PBXGroup;
			children = (
				5B420346142CC42E00FB46AB /* BuckleUp.app */,
			);
			name = Products;
			sourceTree = "<group>";
		};
		5B420349142CC42E00FB46AB /* Frameworks */ = {
			isa = PBXGroup;
			children = (
				5B42034A142CC42E00FB46AB /* Cocoa.framework */,
				5B42034C142CC42E00FB46AB /* Other Frameworks */,
			);
			name = Frameworks;
			sourceTree = "<group>";
		};
		5B42034C142CC42E00FB46AB /* Other Frameworks */ = {
			isa = PBXGroup;
			children = (
				5B42034D142CC42E00FB46AB /* AppKit.framework */,
				5B42034E142CC42E00FB46AB /* CoreData.framework */,
				5B42034F142CC42E00FB46AB /* Foundation.framework */,
			);
			name = "Other Frameworks";
			sourceTree = "<group>";
		};
		5B420350142CC42E00FB46AB /* BuckleUp */ = {
			isa = PBXGroup;
			children = (
				5BA29313142D10AA000DE520 /* ConfigItems */,
				5BA29312142D1075000DE520 /* Protocols */,
				5BA2932A142D19BF000DE520 /* BUSandboxConfig.h */,
				5BA2932B142D19C0000DE520 /* BUSandboxConfig.m */,
				5B42035C142CC42E00FB46AB /* BuckleUpAppDelegate.h */,
				5B42035D142CC42E00FB46AB /* BuckleUpAppDelegate.m */,
				5B42035F142CC42E00FB46AB /* MainMenu.xib */,
				5B420351142CC42E00FB46AB /* Supporting Files */,
			);
			path = BuckleUp;
			sourceTree = "<group>";
		};
		5B420351142CC42E00FB46AB /* Supporting Files */ = {
			isa = PBXGroup;
			children = (
				5B420352142CC42E00FB46AB /* BuckleUp-Info.plist */,
				5B420353142CC42E00FB46AB /* InfoPlist.strings */,
				5B420356142CC42E00FB46AB /* main.m */,
				5B420358142CC42E00FB46AB /* BuckleUp-Prefix.pch */,
				5B420359142CC42E00FB46AB /* Credits.rtf */,
			);
			name = "Supporting Files";
			sourceTree = "<group>";
		};
		5B420370142CCDA200FB46AB /* Miscellaneous Files */ = {
			isa = PBXGroup;
			children = (
				5B420375142CCE0B00FB46AB /* README.markdown */,
				5B420371142CCDD100FB46AB /* LICENSE */,
			);
			name = "Miscellaneous Files";
			sourceTree = "<group>";
		};
		5BA29312142D1075000DE520 /* Protocols */ = {
			isa = PBXGroup;
			children = (
				5BA29311142D106F000DE520 /* BUConfigItem.h */,
			);
			name = Protocols;
			sourceTree = "<group>";
		};
		5BA29313142D10AA000DE520 /* ConfigItems */ = {
			isa = PBXGroup;
			children = (
				5BA2932E142D21BD000DE520 /* Headers */,
				5BA2931D142D12A2000DE520 /* Actions */,
				5BA2931F142D1430000DE520 /* Filters */,
				5BA29320142D1436000DE520 /* Modifiers */,
				5BA2931E142D1429000DE520 /* Operations */,
				5BA29322142D166B000DE520 /* Versions */,
			);
			name = ConfigItems;
			sourceTree = "<group>";
		};
		5BA2931D142D12A2000DE520 /* Actions */ = {
			isa = PBXGroup;
			children = (
				5BA29314142D10D4000DE520 /* BUBaseAction.h */,
				5BA29315142D10D4000DE520 /* BUBaseAction.m */,
				5BA29317142D121D000DE520 /* BUAllowAction.h */,
				5BA29318142D121D000DE520 /* BUAllowAction.m */,
				5BA2931A142D1242000DE520 /* BUDenyAction.h */,
				5BA2931B142D1242000DE520 /* BUDenyAction.m */,
			);
			name = Actions;
			sourceTree = "<group>";
		};
		5BA2931E142D1429000DE520 /* Operations */ = {
			isa = PBXGroup;
			children = (
				5BA29334142D237B000DE520 /* BUBaseOperation.h */,
				5BA29335142D237B000DE520 /* BUBaseOperation.m */,
				5BA29327142D1915000DE520 /* BUDefaultOperation.h */,
				5BA29328142D1915000DE520 /* BUDefaultOperation.m */,
			);
			name = Operations;
			sourceTree = "<group>";
		};
		5BA2931F142D1430000DE520 /* Filters */ = {
			isa = PBXGroup;
			children = (
			);
			name = Filters;
			sourceTree = "<group>";
		};
		5BA29320142D1436000DE520 /* Modifiers */ = {
			isa = PBXGroup;
			children = (
			);
			name = Modifiers;
			sourceTree = "<group>";
		};
		5BA29322142D166B000DE520 /* Versions */ = {
			isa = PBXGroup;
			children = (
				5BA29323142D16A6000DE520 /* BUVersion.h */,
				5BA29324142D16A6000DE520 /* BUVersion.m */,
			);
			name = Versions;
			sourceTree = "<group>";
		};
		5BA2932E142D21BD000DE520 /* Headers */ = {
			isa = PBXGroup;
			children = (
				5BA29332142D2238000DE520 /* BUConfigItems.h */,
				5BA29331142D2225000DE520 /* BUActions.h */,
				5BA29330142D220E000DE520 /* BUOperations.h */,
				5BA29333142D2258000DE520 /* BUVersions.h */,
			);
			name = Headers;
			sourceTree = "<group>";
		};
/* End PBXGroup section */

/* Begin PBXNativeTarget section */
		5B420345142CC42E00FB46AB /* BuckleUp */ = {
			isa = PBXNativeTarget;
			buildConfigurationList = 5B420364142CC42E00FB46AB /* Build configuration list for PBXNativeTarget "BuckleUp" */;
			buildPhases = (
				5B420342142CC42E00FB46AB /* Sources */,
				5B420343142CC42E00FB46AB /* Frameworks */,
				5B420344142CC42E00FB46AB /* Resources */,
			);
			buildRules = (
			);
			dependencies = (
			);
			name = BuckleUp;
			productName = BuckleUp;
			productReference = 5B420346142CC42E00FB46AB /* BuckleUp.app */;
			productType = "com.apple.product-type.application";
		};
/* End PBXNativeTarget section */

/* Begin PBXProject section */
		5B42033D142CC42E00FB46AB /* Project object */ = {
			isa = PBXProject;
			buildConfigurationList = 5B420340142CC42E00FB46AB /* Build configuration list for PBXProject "BuckleUp" */;
			compatibilityVersion = "Xcode 3.2";
			developmentRegion = English;
			hasScannedForEncodings = 0;
			knownRegions = (
				en,
			);
			mainGroup = 5B42033B142CC42E00FB46AB;
			productRefGroup = 5B420347142CC42E00FB46AB /* Products */;
			projectDirPath = "";
			projectRoot = "";
			targets = (
				5B420345142CC42E00FB46AB /* BuckleUp */,
			);
		};
/* End PBXProject section */

/* Begin PBXResourcesBuildPhase section */
		5B420344142CC42E00FB46AB /* Resources */ = {
			isa = PBXResourcesBuildPhase;
			buildActionMask = 2147483647;
			files = (
				5B420355142CC42E00FB46AB /* InfoPlist.strings in Resources */,
				5B42035B142CC42E00FB46AB /* Credits.rtf in Resources */,
				5B420361142CC42E00FB46AB /* MainMenu.xib in Resources */,
				5B420373142CCDD100FB46AB /* LICENSE in Resources */,
				5B420376142CCE0B00FB46AB /* README.markdown in Resources */,
			);
			runOnlyForDeploymentPostprocessing = 0;
		};
/* End PBXResourcesBuildPhase section */

/* Begin PBXSourcesBuildPhase section */
		5B420342142CC42E00FB46AB /* Sources */ = {
			isa = PBXSourcesBuildPhase;
			buildActionMask = 2147483647;
			files = (
				5B420357142CC42E00FB46AB /* main.m in Sources */,
				5B42035E142CC42E00FB46AB /* BuckleUpAppDelegate.m in Sources */,
				5BA29316142D10D4000DE520 /* BUBaseAction.m in Sources */,
				5BA29319142D121D000DE520 /* BUAllowAction.m in Sources */,
				5BA2931C142D1242000DE520 /* BUDenyAction.m in Sources */,
				5BA29325142D16A6000DE520 /* BUVersion.m in Sources */,
				5BA29329142D1915000DE520 /* BUDefaultOperation.m in Sources */,
				5BA2932C142D19C0000DE520 /* BUSandboxConfig.m in Sources */,
				5BA29336142D237B000DE520 /* BUBaseOperation.m in Sources */,
			);
			runOnlyForDeploymentPostprocessing = 0;
		};
/* End PBXSourcesBuildPhase section */

/* Begin PBXVariantGroup section */
		5B420353142CC42E00FB46AB /* InfoPlist.strings */ = {
			isa = PBXVariantGroup;
			children = (
				5B420354142CC42E00FB46AB /* en */,
			);
			name = InfoPlist.strings;
			sourceTree = "<group>";
		};
		5B420359142CC42E00FB46AB /* Credits.rtf */ = {
			isa = PBXVariantGroup;
			children = (
				5B42035A142CC42E00FB46AB /* en */,
			);
			name = Credits.rtf;
			sourceTree = "<group>";
		};
		5B42035F142CC42E00FB46AB /* MainMenu.xib */ = {
			isa = PBXVariantGroup;
			children = (
				5B420360142CC42E00FB46AB /* en */,
			);
			name = MainMenu.xib;
			sourceTree = "<group>";
		};
/* End PBXVariantGroup section */

/* Begin XCBuildConfiguration section */
		5B420362142CC42E00FB46AB /* Debug */ = {
			isa = XCBuildConfiguration;
			buildSettings = {
				ALWAYS_SEARCH_USER_PATHS = NO;
				ARCHS = "$(ARCHS_STANDARD_64_BIT)";
				COPY_PHASE_STRIP = NO;
				GCC_C_LANGUAGE_STANDARD = gnu99;
				GCC_DYNAMIC_NO_PIC = NO;
				GCC_ENABLE_OBJC_EXCEPTIONS = YES;
				GCC_OPTIMIZATION_LEVEL = 0;
				GCC_PREPROCESSOR_DEFINITIONS = (
					"DEBUG=1",
					"$(inherited)",
				);
				GCC_SYMBOLS_PRIVATE_EXTERN = NO;
				GCC_VERSION = com.apple.compilers.llvm.clang.1_0;
				GCC_WARN_64_TO_32_BIT_CONVERSION = YES;
				GCC_WARN_ABOUT_MISSING_PROTOTYPES = YES;
				GCC_WARN_ABOUT_RETURN_TYPE = YES;
				GCC_WARN_UNUSED_VARIABLE = YES;
				MACOSX_DEPLOYMENT_TARGET = 10.7;
				ONLY_ACTIVE_ARCH = YES;
				SDKROOT = macosx;
			};
			name = Debug;
		};
		5B420363142CC42E00FB46AB /* Release */ = {
			isa = XCBuildConfiguration;
			buildSettings = {
				ALWAYS_SEARCH_USER_PATHS = NO;
				ARCHS = "$(ARCHS_STANDARD_64_BIT)";
				COPY_PHASE_STRIP = YES;
				DEBUG_INFORMATION_FORMAT = "dwarf-with-dsym";
				GCC_C_LANGUAGE_STANDARD = gnu99;
				GCC_ENABLE_OBJC_EXCEPTIONS = YES;
				GCC_VERSION = com.apple.compilers.llvm.clang.1_0;
				GCC_WARN_64_TO_32_BIT_CONVERSION = YES;
				GCC_WARN_ABOUT_MISSING_PROTOTYPES = YES;
				GCC_WARN_ABOUT_RETURN_TYPE = YES;
				GCC_WARN_UNUSED_VARIABLE = YES;
				MACOSX_DEPLOYMENT_TARGET = 10.7;
				SDKROOT = macosx;
			};
			name = Release;
		};
		5B420365142CC42E00FB46AB /* Debug */ = {
			isa = XCBuildConfiguration;
			buildSettings = {
				GCC_PRECOMPILE_PREFIX_HEADER = YES;
				GCC_PREFIX_HEADER = "BuckleUp/BuckleUp-Prefix.pch";
				INFOPLIST_FILE = "BuckleUp/BuckleUp-Info.plist";
				PRODUCT_NAME = "$(TARGET_NAME)";
				WRAPPER_EXTENSION = app;
			};
			name = Debug;
		};
		5B420366142CC42E00FB46AB /* Release */ = {
			isa = XCBuildConfiguration;
			buildSettings = {
				GCC_PRECOMPILE_PREFIX_HEADER = YES;
				GCC_PREFIX_HEADER = "BuckleUp/BuckleUp-Prefix.pch";
				INFOPLIST_FILE = "BuckleUp/BuckleUp-Info.plist";
				PRODUCT_NAME = "$(TARGET_NAME)";
				WRAPPER_EXTENSION = app;
			};
			name = Release;
		};
/* End XCBuildConfiguration section */

/* Begin XCConfigurationList section */
		5B420340142CC42E00FB46AB /* Build configuration list for PBXProject "BuckleUp" */ = {
			isa = XCConfigurationList;
			buildConfigurations = (
				5B420362142CC42E00FB46AB /* Debug */,
				5B420363142CC42E00FB46AB /* Release */,
			);
			defaultConfigurationIsVisible = 0;
			defaultConfigurationName = Release;
		};
		5B420364142CC42E00FB46AB /* Build configuration list for PBXNativeTarget "BuckleUp" */ = {
			isa = XCConfigurationList;
			buildConfigurations = (
				5B420365142CC42E00FB46AB /* Debug */,
				5B420366142CC42E00FB46AB /* Release */,
			);
			defaultConfigurationIsVisible = 0;
			defaultConfigurationName = Release;
		};
/* End XCConfigurationList section */
	};
	rootObject = 5B42033D142CC42E00FB46AB /* Project object */;
}
